
Microsoft Visual Studio Solution File, Format Version 12.00
# Visual Studio Version 16
VisualStudioVersion = 16.0.29911.84
MinimumVisualStudioVersion = 10.0.40219.1
Project("{FAE04EC0-301F-11D3-BF4B-00C04F79EFBC}") = "ASP-Tolibras", "ASP-Tolibras\ASP-Tolibras.csproj", "{AD6A72C1-AC01-43B7-A8DA-7B7275D2318F}"
EndProject
Global
	GlobalSection(SolutionConfigurationPlatforms) = preSolution
		Debug|Any CPU = Debug|Any CPU
		Release|Any CPU = Release|Any CPU
	EndGlobalSection
	GlobalSection(ProjectConfigurationPlatforms) = postSolution
		{AD6A72C1-AC01-43B7-A8DA-7B7275D2318F}.Debug|Any CPU.ActiveCfg = Debug|Any CPU
		{AD6A72C1-AC01-43B7-A8DA-7B7275D2318F}.Debug|Any CPU.Build.0 = Debug|Any CPU
		{AD6A72C1-AC01-43B7-A8DA-7B7275D2318F}.Release|Any CPU.ActiveCfg = Release|Any CPU
		{AD6A72C1-AC01-43B7-A8DA-7B7275D2318F}.Release|Any CPU.Build.0 = Release|Any CPU
	EndGlobalSection
	GlobalSection(SolutionProperties) = preSolution
		HideSolutionNode = FALSE
	EndGlobalSection
	GlobalSection(ExtensibilityGlobals) = postSolution
		SolutionGuid = {0F5A0B2F-D152-44A2-A348-4FD69F2E4151}
	EndGlobalSection
EndGlobal
