
Microsoft Visual Studio Solution File, Format Version 12.00
# Visual Studio Version 16
VisualStudioVersion = 16.0.29519.181
MinimumVisualStudioVersion = 10.0.40219.1
Project("{FAE04EC0-301F-11D3-BF4B-00C04F79EFBC}") = "ToLIBRAS", "ToLIBRAS\ToLIBRAS.csproj", "{1917C7DB-2926-462F-9B8B-6FD473660ECB}"
EndProject
Global
	GlobalSection(SolutionConfigurationPlatforms) = preSolution
		Debug|Any CPU = Debug|Any CPU
		Release|Any CPU = Release|Any CPU
	EndGlobalSection
	GlobalSection(ProjectConfigurationPlatforms) = postSolution
		{1917C7DB-2926-462F-9B8B-6FD473660ECB}.Debug|Any CPU.ActiveCfg = Debug|Any CPU
		{1917C7DB-2926-462F-9B8B-6FD473660ECB}.Debug|Any CPU.Build.0 = Debug|Any CPU
		{1917C7DB-2926-462F-9B8B-6FD473660ECB}.Release|Any CPU.ActiveCfg = Release|Any CPU
		{1917C7DB-2926-462F-9B8B-6FD473660ECB}.Release|Any CPU.Build.0 = Release|Any CPU
	EndGlobalSection
	GlobalSection(SolutionProperties) = preSolution
		HideSolutionNode = FALSE
	EndGlobalSection
	GlobalSection(ExtensibilityGlobals) = postSolution
		SolutionGuid = {3CF971BD-39BC-452A-97E4-D3C8CED58685}
	EndGlobalSection
EndGlobal
